
Microsoft Visual Studio Solution File, Format Version 12.00
# Visual Studio Version 17
VisualStudioVersion = 17.9.34622.214
MinimumVisualStudioVersion = 10.0.40219.1
Project("{8BC9CEB8-8B4A-11D0-8D11-00A0C91BC942}") = "List", "List\List.vcxproj", "{F61F64D0-5ACE-4AC0-8087-9FCFE703A968}"
EndProject
Project("{8BC9CEB8-8B4A-11D0-8D11-00A0C91BC942}") = "Loop", "Loop\Loop.vcxproj", "{C6B1C93B-13D7-43E8-A79B-1E84AD5D4560}"
EndProject
Global
	GlobalSection(SolutionConfigurationPlatforms) = preSolution
		Debug|x64 = Debug|x64
		Debug|x86 = Debug|x86
		Release|x64 = Release|x64
		Release|x86 = Release|x86
	EndGlobalSection
	GlobalSection(ProjectConfigurationPlatforms) = postSolution
		{F61F64D0-5ACE-4AC0-8087-9FCFE703A968}.Debug|x64.ActiveCfg = Debug|x64
		{F61F64D0-5ACE-4AC0-8087-9FCFE703A968}.Debug|x64.Build.0 = Debug|x64
		{F61F64D0-5ACE-4AC0-8087-9FCFE703A968}.Debug|x86.ActiveCfg = Debug|Win32
		{F61F64D0-5ACE-4AC0-8087-9FCFE703A968}.Debug|x86.Build.0 = Debug|Win32
		{F61F64D0-5ACE-4AC0-8087-9FCFE703A968}.Release|x64.ActiveCfg = Release|x64
		{F61F64D0-5ACE-4AC0-8087-9FCFE703A968}.Release|x64.Build.0 = Release|x64
		{F61F64D0-5ACE-4AC0-8087-9FCFE703A968}.Release|x86.ActiveCfg = Release|Win32
		{F61F64D0-5ACE-4AC0-8087-9FCFE703A968}.Release|x86.Build.0 = Release|Win32
		{C6B1C93B-13D7-43E8-A79B-1E84AD5D4560}.Debug|x64.ActiveCfg = Debug|x64
		{C6B1C93B-13D7-43E8-A79B-1E84AD5D4560}.Debug|x64.Build.0 = Debug|x64
		{C6B1C93B-13D7-43E8-A79B-1E84AD5D4560}.Debug|x86.ActiveCfg = Debug|Win32
		{C6B1C93B-13D7-43E8-A79B-1E84AD5D4560}.Debug|x86.Build.0 = Debug|Win32
		{C6B1C93B-13D7-43E8-A79B-1E84AD5D4560}.Release|x64.ActiveCfg = Release|x64
		{C6B1C93B-13D7-43E8-A79B-1E84AD5D4560}.Release|x64.Build.0 = Release|x64
		{C6B1C93B-13D7-43E8-A79B-1E84AD5D4560}.Release|x86.ActiveCfg = Release|Win32
		{C6B1C93B-13D7-43E8-A79B-1E84AD5D4560}.Release|x86.Build.0 = Release|Win32
	EndGlobalSection
	GlobalSection(SolutionProperties) = preSolution
		HideSolutionNode = FALSE
	EndGlobalSection
	GlobalSection(ExtensibilityGlobals) = postSolution
		SolutionGuid = {91F56D8E-4E20-4676-B7CF-F69A70152E89}
	EndGlobalSection
EndGlobal
