
Microsoft Visual Studio Solution File, Format Version 12.00
# Visual Studio Version 17
VisualStudioVersion = 17.9.34622.214
MinimumVisualStudioVersion = 10.0.40219.1
Project("{8BC9CEB8-8B4A-11D0-8D11-00A0C91BC942}") = "AddDeleteCircle", "AddDeleteCircle\AddDeleteCircle.vcxproj", "{EA526D7A-71B9-4CB7-B084-D1A5278644FC}"
EndProject
Global
	GlobalSection(SolutionConfigurationPlatforms) = preSolution
		Debug|x64 = Debug|x64
		Debug|x86 = Debug|x86
		Release|x64 = Release|x64
		Release|x86 = Release|x86
	EndGlobalSection
	GlobalSection(ProjectConfigurationPlatforms) = postSolution
		{EA526D7A-71B9-4CB7-B084-D1A5278644FC}.Debug|x64.ActiveCfg = Debug|x64
		{EA526D7A-71B9-4CB7-B084-D1A5278644FC}.Debug|x64.Build.0 = Debug|x64
		{EA526D7A-71B9-4CB7-B084-D1A5278644FC}.Debug|x86.ActiveCfg = Debug|Win32
		{EA526D7A-71B9-4CB7-B084-D1A5278644FC}.Debug|x86.Build.0 = Debug|Win32
		{EA526D7A-71B9-4CB7-B084-D1A5278644FC}.Release|x64.ActiveCfg = Release|x64
		{EA526D7A-71B9-4CB7-B084-D1A5278644FC}.Release|x64.Build.0 = Release|x64
		{EA526D7A-71B9-4CB7-B084-D1A5278644FC}.Release|x86.ActiveCfg = Release|Win32
		{EA526D7A-71B9-4CB7-B084-D1A5278644FC}.Release|x86.Build.0 = Release|Win32
	EndGlobalSection
	GlobalSection(SolutionProperties) = preSolution
		HideSolutionNode = FALSE
	EndGlobalSection
	GlobalSection(ExtensibilityGlobals) = postSolution
		SolutionGuid = {AF58ACDD-ACC0-4265-AE11-661D120D2388}
	EndGlobalSection
EndGlobal
