
Microsoft Visual Studio Solution File, Format Version 12.00
# Visual Studio Version 17
VisualStudioVersion = 17.9.34622.214
MinimumVisualStudioVersion = 10.0.40219.1
Project("{8BC9CEB8-8B4A-11D0-8D11-00A0C91BC942}") = "linked_list", "linked_list\linked_list.vcxproj", "{72C8B55B-357E-4A56-8DC9-D3D7F6B35A82}"
EndProject
Global
	GlobalSection(SolutionConfigurationPlatforms) = preSolution
		Debug|x64 = Debug|x64
		Debug|x86 = Debug|x86
		Release|x64 = Release|x64
		Release|x86 = Release|x86
	EndGlobalSection
	GlobalSection(ProjectConfigurationPlatforms) = postSolution
		{72C8B55B-357E-4A56-8DC9-D3D7F6B35A82}.Debug|x64.ActiveCfg = Debug|x64
		{72C8B55B-357E-4A56-8DC9-D3D7F6B35A82}.Debug|x64.Build.0 = Debug|x64
		{72C8B55B-357E-4A56-8DC9-D3D7F6B35A82}.Debug|x86.ActiveCfg = Debug|Win32
		{72C8B55B-357E-4A56-8DC9-D3D7F6B35A82}.Debug|x86.Build.0 = Debug|Win32
		{72C8B55B-357E-4A56-8DC9-D3D7F6B35A82}.Release|x64.ActiveCfg = Release|x64
		{72C8B55B-357E-4A56-8DC9-D3D7F6B35A82}.Release|x64.Build.0 = Release|x64
		{72C8B55B-357E-4A56-8DC9-D3D7F6B35A82}.Release|x86.ActiveCfg = Release|Win32
		{72C8B55B-357E-4A56-8DC9-D3D7F6B35A82}.Release|x86.Build.0 = Release|Win32
	EndGlobalSection
	GlobalSection(SolutionProperties) = preSolution
		HideSolutionNode = FALSE
	EndGlobalSection
	GlobalSection(ExtensibilityGlobals) = postSolution
		SolutionGuid = {92A39D38-3AD2-49DB-9A26-52A7E850D02D}
	EndGlobalSection
EndGlobal
